
Microsoft Visual Studio Solution File, Format Version 11.00
# Visual Studio 2010
Project("{FAE04EC0-301F-11D3-BF4B-00C04F79EFBC}") = "SocketLearn", "Assembly-CSharp-firstpass.csproj", "{875ECD6E-8DBA-E7ED-8551-F4BA9DB86376}"
EndProject
Project("{FAE04EC0-301F-11D3-BF4B-00C04F79EFBC}") = "SocketLearn", "Assembly-CSharp.csproj", "{30A924CF-7225-EF3E-4D6D-1C737CE87AA5}"
EndProject
Project("{FAE04EC0-301F-11D3-BF4B-00C04F79EFBC}") = "SocketLearn", "Assembly-CSharp-Editor-firstpass.csproj", "{A94A9CF6-5BFB-9E8F-93D9-153DD3B2A4B0}"
EndProject
Global
	GlobalSection(SolutionConfigurationPlatforms) = preSolution
		Debug|Any CPU = Debug|Any CPU
		Release|Any CPU = Release|Any CPU
	EndGlobalSection
	GlobalSection(ProjectConfigurationPlatforms) = postSolution
		{875ECD6E-8DBA-E7ED-8551-F4BA9DB86376}.Debug|Any CPU.ActiveCfg = Debug|Any CPU
		{875ECD6E-8DBA-E7ED-8551-F4BA9DB86376}.Debug|Any CPU.Build.0 = Debug|Any CPU
		{875ECD6E-8DBA-E7ED-8551-F4BA9DB86376}.Release|Any CPU.ActiveCfg = Release|Any CPU
		{875ECD6E-8DBA-E7ED-8551-F4BA9DB86376}.Release|Any CPU.Build.0 = Release|Any CPU
		{30A924CF-7225-EF3E-4D6D-1C737CE87AA5}.Debug|Any CPU.ActiveCfg = Debug|Any CPU
		{30A924CF-7225-EF3E-4D6D-1C737CE87AA5}.Debug|Any CPU.Build.0 = Debug|Any CPU
		{30A924CF-7225-EF3E-4D6D-1C737CE87AA5}.Release|Any CPU.ActiveCfg = Release|Any CPU
		{30A924CF-7225-EF3E-4D6D-1C737CE87AA5}.Release|Any CPU.Build.0 = Release|Any CPU
		{A94A9CF6-5BFB-9E8F-93D9-153DD3B2A4B0}.Debug|Any CPU.ActiveCfg = Debug|Any CPU
		{A94A9CF6-5BFB-9E8F-93D9-153DD3B2A4B0}.Debug|Any CPU.Build.0 = Debug|Any CPU
		{A94A9CF6-5BFB-9E8F-93D9-153DD3B2A4B0}.Release|Any CPU.ActiveCfg = Release|Any CPU
		{A94A9CF6-5BFB-9E8F-93D9-153DD3B2A4B0}.Release|Any CPU.Build.0 = Release|Any CPU
	EndGlobalSection
	GlobalSection(SolutionProperties) = preSolution
		HideSolutionNode = FALSE
	EndGlobalSection
	GlobalSection(MonoDevelopProperties) = preSolution
		StartupItem = Assembly-CSharp.csproj
	EndGlobalSection
EndGlobal
